
Microsoft Visual Studio Solution File, Format Version 12.00
# Visual Studio 15
VisualStudioVersion = 15.0.26124.0
MinimumVisualStudioVersion = 15.0.26124.0
Project("{2150E333-8FDC-42A3-9474-1A3956D46DE8}") = "src", "src", "{16F3C850-24B1-4828-AAA7-4FD686D3A11A}"
EndProject
Project("{FAE04EC0-301F-11D3-BF4B-00C04F79EFBC}") = "Brewdogger.Auth", "src\Brewdogger.Auth\Brewdogger.Auth.csproj", "{E4B2285D-F139-4497-9A3D-F1E68FCF8953}"
EndProject
Project("{FAE04EC0-301F-11D3-BF4B-00C04F79EFBC}") = "Brewdogger.Api", "src\Brewdogger.Api\Brewdogger.Api.csproj", "{C2CDE688-3675-44D0-921D-4A18E3A3D0C0}"
EndProject
Project("{2150E333-8FDC-42A3-9474-1A3956D46DE8}") = "tests", "tests", "{6E9F9A12-55C2-499B-BE52-2B441195FFC7}"
EndProject
Project("{FAE04EC0-301F-11D3-BF4B-00C04F79EFBC}") = "Brewdogger.Auth.Tests", "tests\Brewdogger.Auth.Tests\Brewdogger.Auth.Tests.csproj", "{2B5416C3-151A-48DA-811B-545F9B2DE343}"
EndProject
Project("{FAE04EC0-301F-11D3-BF4B-00C04F79EFBC}") = "Brewdogger.Api.Tests", "tests\Brewdogger.Api.Tests\Brewdogger.Api.Tests.csproj", "{FDC37455-49D4-46EC-99EA-A5D3B90805B3}"
EndProject
Global
	GlobalSection(SolutionConfigurationPlatforms) = preSolution
		Debug|Any CPU = Debug|Any CPU
		Debug|x64 = Debug|x64
		Debug|x86 = Debug|x86
		Release|Any CPU = Release|Any CPU
		Release|x64 = Release|x64
		Release|x86 = Release|x86
	EndGlobalSection
	GlobalSection(SolutionProperties) = preSolution
		HideSolutionNode = FALSE
	EndGlobalSection
	GlobalSection(ProjectConfigurationPlatforms) = postSolution
		{E4B2285D-F139-4497-9A3D-F1E68FCF8953}.Debug|Any CPU.ActiveCfg = Debug|Any CPU
		{E4B2285D-F139-4497-9A3D-F1E68FCF8953}.Debug|Any CPU.Build.0 = Debug|Any CPU
		{E4B2285D-F139-4497-9A3D-F1E68FCF8953}.Debug|x64.ActiveCfg = Debug|Any CPU
		{E4B2285D-F139-4497-9A3D-F1E68FCF8953}.Debug|x64.Build.0 = Debug|Any CPU
		{E4B2285D-F139-4497-9A3D-F1E68FCF8953}.Debug|x86.ActiveCfg = Debug|Any CPU
		{E4B2285D-F139-4497-9A3D-F1E68FCF8953}.Debug|x86.Build.0 = Debug|Any CPU
		{E4B2285D-F139-4497-9A3D-F1E68FCF8953}.Release|Any CPU.ActiveCfg = Release|Any CPU
		{E4B2285D-F139-4497-9A3D-F1E68FCF8953}.Release|Any CPU.Build.0 = Release|Any CPU
		{E4B2285D-F139-4497-9A3D-F1E68FCF8953}.Release|x64.ActiveCfg = Release|Any CPU
		{E4B2285D-F139-4497-9A3D-F1E68FCF8953}.Release|x64.Build.0 = Release|Any CPU
		{E4B2285D-F139-4497-9A3D-F1E68FCF8953}.Release|x86.ActiveCfg = Release|Any CPU
		{E4B2285D-F139-4497-9A3D-F1E68FCF8953}.Release|x86.Build.0 = Release|Any CPU
		{C2CDE688-3675-44D0-921D-4A18E3A3D0C0}.Debug|Any CPU.ActiveCfg = Debug|Any CPU
		{C2CDE688-3675-44D0-921D-4A18E3A3D0C0}.Debug|Any CPU.Build.0 = Debug|Any CPU
		{C2CDE688-3675-44D0-921D-4A18E3A3D0C0}.Debug|x64.ActiveCfg = Debug|Any CPU
		{C2CDE688-3675-44D0-921D-4A18E3A3D0C0}.Debug|x64.Build.0 = Debug|Any CPU
		{C2CDE688-3675-44D0-921D-4A18E3A3D0C0}.Debug|x86.ActiveCfg = Debug|Any CPU
		{C2CDE688-3675-44D0-921D-4A18E3A3D0C0}.Debug|x86.Build.0 = Debug|Any CPU
		{C2CDE688-3675-44D0-921D-4A18E3A3D0C0}.Release|Any CPU.ActiveCfg = Release|Any CPU
		{C2CDE688-3675-44D0-921D-4A18E3A3D0C0}.Release|Any CPU.Build.0 = Release|Any CPU
		{C2CDE688-3675-44D0-921D-4A18E3A3D0C0}.Release|x64.ActiveCfg = Release|Any CPU
		{C2CDE688-3675-44D0-921D-4A18E3A3D0C0}.Release|x64.Build.0 = Release|Any CPU
		{C2CDE688-3675-44D0-921D-4A18E3A3D0C0}.Release|x86.ActiveCfg = Release|Any CPU
		{C2CDE688-3675-44D0-921D-4A18E3A3D0C0}.Release|x86.Build.0 = Release|Any CPU
		{2B5416C3-151A-48DA-811B-545F9B2DE343}.Debug|Any CPU.ActiveCfg = Debug|Any CPU
		{2B5416C3-151A-48DA-811B-545F9B2DE343}.Debug|Any CPU.Build.0 = Debug|Any CPU
		{2B5416C3-151A-48DA-811B-545F9B2DE343}.Debug|x64.ActiveCfg = Debug|Any CPU
		{2B5416C3-151A-48DA-811B-545F9B2DE343}.Debug|x64.Build.0 = Debug|Any CPU
		{2B5416C3-151A-48DA-811B-545F9B2DE343}.Debug|x86.ActiveCfg = Debug|Any CPU
		{2B5416C3-151A-48DA-811B-545F9B2DE343}.Debug|x86.Build.0 = Debug|Any CPU
		{2B5416C3-151A-48DA-811B-545F9B2DE343}.Release|Any CPU.ActiveCfg = Release|Any CPU
		{2B5416C3-151A-48DA-811B-545F9B2DE343}.Release|Any CPU.Build.0 = Release|Any CPU
		{2B5416C3-151A-48DA-811B-545F9B2DE343}.Release|x64.ActiveCfg = Release|Any CPU
		{2B5416C3-151A-48DA-811B-545F9B2DE343}.Release|x64.Build.0 = Release|Any CPU
		{2B5416C3-151A-48DA-811B-545F9B2DE343}.Release|x86.ActiveCfg = Release|Any CPU
		{2B5416C3-151A-48DA-811B-545F9B2DE343}.Release|x86.Build.0 = Release|Any CPU
		{FDC37455-49D4-46EC-99EA-A5D3B90805B3}.Debug|Any CPU.ActiveCfg = Debug|Any CPU
		{FDC37455-49D4-46EC-99EA-A5D3B90805B3}.Debug|Any CPU.Build.0 = Debug|Any CPU
		{FDC37455-49D4-46EC-99EA-A5D3B90805B3}.Debug|x64.ActiveCfg = Debug|Any CPU
		{FDC37455-49D4-46EC-99EA-A5D3B90805B3}.Debug|x64.Build.0 = Debug|Any CPU
		{FDC37455-49D4-46EC-99EA-A5D3B90805B3}.Debug|x86.ActiveCfg = Debug|Any CPU
		{FDC37455-49D4-46EC-99EA-A5D3B90805B3}.Debug|x86.Build.0 = Debug|Any CPU
		{FDC37455-49D4-46EC-99EA-A5D3B90805B3}.Release|Any CPU.ActiveCfg = Release|Any CPU
		{FDC37455-49D4-46EC-99EA-A5D3B90805B3}.Release|Any CPU.Build.0 = Release|Any CPU
		{FDC37455-49D4-46EC-99EA-A5D3B90805B3}.Release|x64.ActiveCfg = Release|Any CPU
		{FDC37455-49D4-46EC-99EA-A5D3B90805B3}.Release|x64.Build.0 = Release|Any CPU
		{FDC37455-49D4-46EC-99EA-A5D3B90805B3}.Release|x86.ActiveCfg = Release|Any CPU
		{FDC37455-49D4-46EC-99EA-A5D3B90805B3}.Release|x86.Build.0 = Release|Any CPU
	EndGlobalSection
	GlobalSection(NestedProjects) = preSolution
		{E4B2285D-F139-4497-9A3D-F1E68FCF8953} = {16F3C850-24B1-4828-AAA7-4FD686D3A11A}
		{C2CDE688-3675-44D0-921D-4A18E3A3D0C0} = {16F3C850-24B1-4828-AAA7-4FD686D3A11A}
		{2B5416C3-151A-48DA-811B-545F9B2DE343} = {6E9F9A12-55C2-499B-BE52-2B441195FFC7}
		{FDC37455-49D4-46EC-99EA-A5D3B90805B3} = {6E9F9A12-55C2-499B-BE52-2B441195FFC7}
	EndGlobalSection
EndGlobal
