
Microsoft Visual Studio Solution File, Format Version 12.00
# Visual Studio 15
VisualStudioVersion = 15.0.26124.0
MinimumVisualStudioVersion = 15.0.26124.0
Project("{FAE04EC0-301F-11D3-BF4B-00C04F79EFBC}") = "Brewdogger.Api", "Brewdogger.Api\Brewdogger.Api.csproj", "{EBE44493-F2BF-473D-8BA5-A1622771B277}"
EndProject
Project("{FAE04EC0-301F-11D3-BF4B-00C04F79EFBC}") = "Brewdogger.Tests", "Brewdogger.Tests\Brewdogger.Tests.csproj", "{90AD64A5-55A7-4481-B846-C94231E6F740}"
EndProject
Project("{FAE04EC0-301F-11D3-BF4B-00C04F79EFBC}") = "Brewdogger.Auth", "Brewdogger.Auth\Brewdogger.Auth.csproj", "{FF86D554-1AE7-4307-A41D-3365A180373F}"
EndProject
Global
	GlobalSection(SolutionConfigurationPlatforms) = preSolution
		Debug|Any CPU = Debug|Any CPU
		Debug|x64 = Debug|x64
		Debug|x86 = Debug|x86
		Release|Any CPU = Release|Any CPU
		Release|x64 = Release|x64
		Release|x86 = Release|x86
	EndGlobalSection
	GlobalSection(SolutionProperties) = preSolution
		HideSolutionNode = FALSE
	EndGlobalSection
	GlobalSection(ProjectConfigurationPlatforms) = postSolution
		{EBE44493-F2BF-473D-8BA5-A1622771B277}.Debug|Any CPU.ActiveCfg = Debug|Any CPU
		{EBE44493-F2BF-473D-8BA5-A1622771B277}.Debug|Any CPU.Build.0 = Debug|Any CPU
		{EBE44493-F2BF-473D-8BA5-A1622771B277}.Debug|x64.ActiveCfg = Debug|Any CPU
		{EBE44493-F2BF-473D-8BA5-A1622771B277}.Debug|x64.Build.0 = Debug|Any CPU
		{EBE44493-F2BF-473D-8BA5-A1622771B277}.Debug|x86.ActiveCfg = Debug|Any CPU
		{EBE44493-F2BF-473D-8BA5-A1622771B277}.Debug|x86.Build.0 = Debug|Any CPU
		{EBE44493-F2BF-473D-8BA5-A1622771B277}.Release|Any CPU.ActiveCfg = Release|Any CPU
		{EBE44493-F2BF-473D-8BA5-A1622771B277}.Release|Any CPU.Build.0 = Release|Any CPU
		{EBE44493-F2BF-473D-8BA5-A1622771B277}.Release|x64.ActiveCfg = Release|Any CPU
		{EBE44493-F2BF-473D-8BA5-A1622771B277}.Release|x64.Build.0 = Release|Any CPU
		{EBE44493-F2BF-473D-8BA5-A1622771B277}.Release|x86.ActiveCfg = Release|Any CPU
		{EBE44493-F2BF-473D-8BA5-A1622771B277}.Release|x86.Build.0 = Release|Any CPU
		{90AD64A5-55A7-4481-B846-C94231E6F740}.Debug|Any CPU.ActiveCfg = Debug|Any CPU
		{90AD64A5-55A7-4481-B846-C94231E6F740}.Debug|Any CPU.Build.0 = Debug|Any CPU
		{90AD64A5-55A7-4481-B846-C94231E6F740}.Debug|x64.ActiveCfg = Debug|Any CPU
		{90AD64A5-55A7-4481-B846-C94231E6F740}.Debug|x64.Build.0 = Debug|Any CPU
		{90AD64A5-55A7-4481-B846-C94231E6F740}.Debug|x86.ActiveCfg = Debug|Any CPU
		{90AD64A5-55A7-4481-B846-C94231E6F740}.Debug|x86.Build.0 = Debug|Any CPU
		{90AD64A5-55A7-4481-B846-C94231E6F740}.Release|Any CPU.ActiveCfg = Release|Any CPU
		{90AD64A5-55A7-4481-B846-C94231E6F740}.Release|Any CPU.Build.0 = Release|Any CPU
		{90AD64A5-55A7-4481-B846-C94231E6F740}.Release|x64.ActiveCfg = Release|Any CPU
		{90AD64A5-55A7-4481-B846-C94231E6F740}.Release|x64.Build.0 = Release|Any CPU
		{90AD64A5-55A7-4481-B846-C94231E6F740}.Release|x86.ActiveCfg = Release|Any CPU
		{90AD64A5-55A7-4481-B846-C94231E6F740}.Release|x86.Build.0 = Release|Any CPU
		{FF86D554-1AE7-4307-A41D-3365A180373F}.Debug|Any CPU.ActiveCfg = Debug|Any CPU
		{FF86D554-1AE7-4307-A41D-3365A180373F}.Debug|Any CPU.Build.0 = Debug|Any CPU
		{FF86D554-1AE7-4307-A41D-3365A180373F}.Debug|x64.ActiveCfg = Debug|Any CPU
		{FF86D554-1AE7-4307-A41D-3365A180373F}.Debug|x64.Build.0 = Debug|Any CPU
		{FF86D554-1AE7-4307-A41D-3365A180373F}.Debug|x86.ActiveCfg = Debug|Any CPU
		{FF86D554-1AE7-4307-A41D-3365A180373F}.Debug|x86.Build.0 = Debug|Any CPU
		{FF86D554-1AE7-4307-A41D-3365A180373F}.Release|Any CPU.ActiveCfg = Release|Any CPU
		{FF86D554-1AE7-4307-A41D-3365A180373F}.Release|Any CPU.Build.0 = Release|Any CPU
		{FF86D554-1AE7-4307-A41D-3365A180373F}.Release|x64.ActiveCfg = Release|Any CPU
		{FF86D554-1AE7-4307-A41D-3365A180373F}.Release|x64.Build.0 = Release|Any CPU
		{FF86D554-1AE7-4307-A41D-3365A180373F}.Release|x86.ActiveCfg = Release|Any CPU
		{FF86D554-1AE7-4307-A41D-3365A180373F}.Release|x86.Build.0 = Release|Any CPU
	EndGlobalSection
EndGlobal
